
Microsoft Visual Studio Solution File, Format Version 12.00
# Visual Studio Version 17
VisualStudioVersion = 17.3.32901.215
MinimumVisualStudioVersion = 10.0.40219.1
Project("{FAE04EC0-301F-11D3-BF4B-00C04F79EFBC}") = "Thực hành 04112024 (N1)", "Thực hành 04112024 (N1)\Thực hành 04112024 (N1).csproj", "{6AFB3F7A-B535-47E9-BE7F-C1E99F3866CF}"
EndProject
Global
	GlobalSection(SolutionConfigurationPlatforms) = preSolution
		Debug|Any CPU = Debug|Any CPU
		Release|Any CPU = Release|Any CPU
	EndGlobalSection
	GlobalSection(ProjectConfigurationPlatforms) = postSolution
		{6AFB3F7A-B535-47E9-BE7F-C1E99F3866CF}.Debug|Any CPU.ActiveCfg = Debug|Any CPU
		{6AFB3F7A-B535-47E9-BE7F-C1E99F3866CF}.Debug|Any CPU.Build.0 = Debug|Any CPU
		{6AFB3F7A-B535-47E9-BE7F-C1E99F3866CF}.Release|Any CPU.ActiveCfg = Release|Any CPU
		{6AFB3F7A-B535-47E9-BE7F-C1E99F3866CF}.Release|Any CPU.Build.0 = Release|Any CPU
	EndGlobalSection
	GlobalSection(SolutionProperties) = preSolution
		HideSolutionNode = FALSE
	EndGlobalSection
	GlobalSection(ExtensibilityGlobals) = postSolution
		SolutionGuid = {BBAC4B35-0714-49D4-9E26-7B3084E55D8E}
	EndGlobalSection
EndGlobal
